
Microsoft Visual Studio Solution File, Format Version 12.00
# Visual Studio Version 17
VisualStudioVersion = 17.9.34902.65
MinimumVisualStudioVersion = 10.0.40219.1
Project("{FAE04EC0-301F-11D3-BF4B-00C04F79EFBC}") = "BookSystem", "BookSystem\BookSystem.csproj", "{8BF8C631-3E6E-4F32-9823-D12946AA638F}"
EndProject
Project("{9A19103F-16F7-4668-BE54-9A1E7A4F7556}") = "BooksUnitTestEx1", "..\..\..\..\Desktop\BooksUnitTestEx1\BooksUnitTestEx1\BooksUnitTestEx1.csproj", "{96B7964C-BD00-4E79-A825-BAD5B5FCF07F}"
EndProject
Global
	GlobalSection(SolutionConfigurationPlatforms) = preSolution
		Debug|Any CPU = Debug|Any CPU
		Release|Any CPU = Release|Any CPU
	EndGlobalSection
	GlobalSection(ProjectConfigurationPlatforms) = postSolution
		{8BF8C631-3E6E-4F32-9823-D12946AA638F}.Debug|Any CPU.ActiveCfg = Debug|Any CPU
		{8BF8C631-3E6E-4F32-9823-D12946AA638F}.Debug|Any CPU.Build.0 = Debug|Any CPU
		{8BF8C631-3E6E-4F32-9823-D12946AA638F}.Release|Any CPU.ActiveCfg = Release|Any CPU
		{8BF8C631-3E6E-4F32-9823-D12946AA638F}.Release|Any CPU.Build.0 = Release|Any CPU
		{96B7964C-BD00-4E79-A825-BAD5B5FCF07F}.Debug|Any CPU.ActiveCfg = Debug|Any CPU
		{96B7964C-BD00-4E79-A825-BAD5B5FCF07F}.Debug|Any CPU.Build.0 = Debug|Any CPU
		{96B7964C-BD00-4E79-A825-BAD5B5FCF07F}.Release|Any CPU.ActiveCfg = Release|Any CPU
		{96B7964C-BD00-4E79-A825-BAD5B5FCF07F}.Release|Any CPU.Build.0 = Release|Any CPU
	EndGlobalSection
	GlobalSection(SolutionProperties) = preSolution
		HideSolutionNode = FALSE
	EndGlobalSection
	GlobalSection(ExtensibilityGlobals) = postSolution
		SolutionGuid = {9B90792E-59BA-42DB-A272-F6F918661B5D}
	EndGlobalSection
EndGlobal
